
Microsoft Visual Studio Solution File, Format Version 12.00
# Visual Studio Version 16
VisualStudioVersion = 16.0.29123.88
MinimumVisualStudioVersion = 10.0.40219.1
Project("{9A19103F-16F7-4668-BE54-9A1E7A4F7556}") = "Comparisons.SQLiteVSDoublets", "Comparisons.SQLiteVSDoublets.csproj", "{2B2D5048-3A81-4ED5-91CD-32744C970875}"
EndProject
Project("{9A19103F-16F7-4668-BE54-9A1E7A4F7556}") = "Platform.Data.Doublets.Sequences", "..\Data.Doublets.Sequences\csharp\Platform.Data.Doublets.Sequences\Platform.Data.Doublets.Sequences.csproj", "{9FCFADCE-4E07-4B0B-80DB-E4FB9BF23D4B}"
EndProject
Global
	GlobalSection(SolutionConfigurationPlatforms) = preSolution
		Debug|Any CPU = Debug|Any CPU
		Release|Any CPU = Release|Any CPU
	EndGlobalSection
	GlobalSection(ProjectConfigurationPlatforms) = postSolution
		{2B2D5048-3A81-4ED5-91CD-32744C970875}.Debug|Any CPU.ActiveCfg = Debug|Any CPU
		{2B2D5048-3A81-4ED5-91CD-32744C970875}.Debug|Any CPU.Build.0 = Debug|Any CPU
		{2B2D5048-3A81-4ED5-91CD-32744C970875}.Release|Any CPU.ActiveCfg = Release|Any CPU
		{2B2D5048-3A81-4ED5-91CD-32744C970875}.Release|Any CPU.Build.0 = Release|Any CPU
		{9FCFADCE-4E07-4B0B-80DB-E4FB9BF23D4B}.Debug|Any CPU.ActiveCfg = Debug|Any CPU
		{9FCFADCE-4E07-4B0B-80DB-E4FB9BF23D4B}.Debug|Any CPU.Build.0 = Debug|Any CPU
		{9FCFADCE-4E07-4B0B-80DB-E4FB9BF23D4B}.Release|Any CPU.ActiveCfg = Release|Any CPU
		{9FCFADCE-4E07-4B0B-80DB-E4FB9BF23D4B}.Release|Any CPU.Build.0 = Release|Any CPU
	EndGlobalSection
	GlobalSection(SolutionProperties) = preSolution
		HideSolutionNode = FALSE
	EndGlobalSection
	GlobalSection(ExtensibilityGlobals) = postSolution
		SolutionGuid = {A6D1A7DB-8A3E-4789-8F89-8A343C96CCBD}
	EndGlobalSection
EndGlobal
